{
  "name": "milana-source-tests",
  "lockfileVersion": 3,
  "requires": true,
  "packages": {
    "": {
      "name": "milana-source-tests",
      "devDependencies": {
        "@fontsource/noto-sans-sc": "5.2.9",
        "playwright-core": "1.56.1"
      }
    },
    "node_modules/@fontsource/noto-sans-sc": {
      "version": "5.2.9",
      "resolved": "https://registry.npmjs.org/@fontsource/noto-sans-sc/-/noto-sans-sc-5.2.9.tgz",
      "integrity": "sha512-bTUIWGBgJDpwi5qAr+x0/lcgv80IHTB9vl6s2f6EymZEa7qYV99yNRBZuKFT+SYDKVunZrjCEhWtpxqmbXWl5Q==",
      "dev": true,
      "license": "OFL-1.1",
      "funding": {
        "url": "https://github.com/sponsors/ayuhito"
      }
    },
    "node_modules/playwright-core": {
      "version": "1.56.1",
      "resolved": "https://registry.npmjs.org/playwright-core/-/playwright-core-1.56.1.tgz",
      "integrity": "sha512-hutraynyn31F+Bifme+Ps9Vq59hKuUCz7H1kDOcBs+2oGguKkWTU50bBWrtz34OUWmIwpBTWDxaRPXrIXkgvmQ==",
      "dev": true,
      "license": "Apache-2.0",
      "bin": {
        "playwright-core": "cli.js"
      },
      "engines": {
        "node": ">=18"
      }
    }
  }
}
